
Microsoft Visual Studio Solution File, Format Version 12.00
# Visual Studio Version 16
VisualStudioVersion = 16.0.33130.400
MinimumVisualStudioVersion = 10.0.40219.1
Project("{FAE04EC0-301F-11D3-BF4B-00C04F79EFBC}") = "PracticalWork5_1", "PracticalWork5_1\PracticalWork5_1.csproj", "{DCF41626-EEAD-4855-B721-69CD2BEACB1F}"
EndProject
Project("{FAE04EC0-301F-11D3-BF4B-00C04F79EFBC}") = "PracticalWork5_2", "PracticalWork5_2\PracticalWork5_2.csproj", "{E3702D7E-0536-4591-81EC-BF36A0482CC4}"
EndProject
Global
	GlobalSection(SolutionConfigurationPlatforms) = preSolution
		Debug|Any CPU = Debug|Any CPU
		Release|Any CPU = Release|Any CPU
	EndGlobalSection
	GlobalSection(ProjectConfigurationPlatforms) = postSolution
		{DCF41626-EEAD-4855-B721-69CD2BEACB1F}.Debug|Any CPU.ActiveCfg = Debug|Any CPU
		{DCF41626-EEAD-4855-B721-69CD2BEACB1F}.Debug|Any CPU.Build.0 = Debug|Any CPU
		{DCF41626-EEAD-4855-B721-69CD2BEACB1F}.Release|Any CPU.ActiveCfg = Release|Any CPU
		{DCF41626-EEAD-4855-B721-69CD2BEACB1F}.Release|Any CPU.Build.0 = Release|Any CPU
		{E3702D7E-0536-4591-81EC-BF36A0482CC4}.Debug|Any CPU.ActiveCfg = Debug|Any CPU
		{E3702D7E-0536-4591-81EC-BF36A0482CC4}.Debug|Any CPU.Build.0 = Debug|Any CPU
		{E3702D7E-0536-4591-81EC-BF36A0482CC4}.Release|Any CPU.ActiveCfg = Release|Any CPU
		{E3702D7E-0536-4591-81EC-BF36A0482CC4}.Release|Any CPU.Build.0 = Release|Any CPU
	EndGlobalSection
	GlobalSection(SolutionProperties) = preSolution
		HideSolutionNode = FALSE
	EndGlobalSection
	GlobalSection(ExtensibilityGlobals) = postSolution
		SolutionGuid = {03C5DEA0-DE70-4FD5-BDC3-A0C173A8A922}
	EndGlobalSection
EndGlobal
