
Microsoft Visual Studio Solution File, Format Version 12.00
# Visual Studio Version 17
VisualStudioVersion = 17.5.33530.505
MinimumVisualStudioVersion = 10.0.40219.1
Project("{9A19103F-16F7-4668-BE54-9A1E7A4F7556}") = "CheckingForDuplicates(HashSet)", "CheckingForDuplicates\CheckingForDuplicates(HashSet).csproj", "{B85C507D-F153-4061-9E47-DC90C4BA4177}"
EndProject
Project("{9A19103F-16F7-4668-BE54-9A1E7A4F7556}") = "ListAndDictionary", "ListAndDictionary\ListAndDictionary.csproj", "{DD76510A-868E-4A9F-A140-A7B619482323}"
EndProject
Project("{FAE04EC0-301F-11D3-BF4B-00C04F79EFBC}") = "XMLProject", "XMLProject\XMLProject.csproj", "{76177A08-C858-45C4-AD67-284D6E161421}"
EndProject
Global
	GlobalSection(SolutionConfigurationPlatforms) = preSolution
		Debug|Any CPU = Debug|Any CPU
		Release|Any CPU = Release|Any CPU
	EndGlobalSection
	GlobalSection(ProjectConfigurationPlatforms) = postSolution
		{B85C507D-F153-4061-9E47-DC90C4BA4177}.Debug|Any CPU.ActiveCfg = Debug|Any CPU
		{B85C507D-F153-4061-9E47-DC90C4BA4177}.Debug|Any CPU.Build.0 = Debug|Any CPU
		{B85C507D-F153-4061-9E47-DC90C4BA4177}.Release|Any CPU.ActiveCfg = Release|Any CPU
		{B85C507D-F153-4061-9E47-DC90C4BA4177}.Release|Any CPU.Build.0 = Release|Any CPU
		{DD76510A-868E-4A9F-A140-A7B619482323}.Debug|Any CPU.ActiveCfg = Debug|Any CPU
		{DD76510A-868E-4A9F-A140-A7B619482323}.Debug|Any CPU.Build.0 = Debug|Any CPU
		{DD76510A-868E-4A9F-A140-A7B619482323}.Release|Any CPU.ActiveCfg = Release|Any CPU
		{DD76510A-868E-4A9F-A140-A7B619482323}.Release|Any CPU.Build.0 = Release|Any CPU
		{76177A08-C858-45C4-AD67-284D6E161421}.Debug|Any CPU.ActiveCfg = Debug|Any CPU
		{76177A08-C858-45C4-AD67-284D6E161421}.Debug|Any CPU.Build.0 = Debug|Any CPU
		{76177A08-C858-45C4-AD67-284D6E161421}.Release|Any CPU.ActiveCfg = Release|Any CPU
		{76177A08-C858-45C4-AD67-284D6E161421}.Release|Any CPU.Build.0 = Release|Any CPU
	EndGlobalSection
	GlobalSection(SolutionProperties) = preSolution
		HideSolutionNode = FALSE
	EndGlobalSection
	GlobalSection(ExtensibilityGlobals) = postSolution
		SolutionGuid = {A5123DB4-B5AC-4F37-9DC6-EA6786A01BDD}
	EndGlobalSection
EndGlobal
